
Microsoft Visual Studio Solution File, Format Version 12.00
# Visual Studio Version 17
VisualStudioVersion = 17.8.34525.116
MinimumVisualStudioVersion = 10.0.40219.1
Project("{FAE04EC0-301F-11D3-BF4B-00C04F79EFBC}") = "LLamaWebsocket", "LLamaWebsocket.csproj", "{80BBE7A4-DAE4-417B-8F7D-5A747251BBF0}"
EndProject
Global
	GlobalSection(SolutionConfigurationPlatforms) = preSolution
		Debug|Any CPU = Debug|Any CPU
		Release|Any CPU = Release|Any CPU
	EndGlobalSection
	GlobalSection(ProjectConfigurationPlatforms) = postSolution
		{80BBE7A4-DAE4-417B-8F7D-5A747251BBF0}.Debug|Any CPU.ActiveCfg = Debug|Any CPU
		{80BBE7A4-DAE4-417B-8F7D-5A747251BBF0}.Debug|Any CPU.Build.0 = Debug|Any CPU
		{80BBE7A4-DAE4-417B-8F7D-5A747251BBF0}.Release|Any CPU.ActiveCfg = Release|Any CPU
		{80BBE7A4-DAE4-417B-8F7D-5A747251BBF0}.Release|Any CPU.Build.0 = Release|Any CPU
	EndGlobalSection
	GlobalSection(SolutionProperties) = preSolution
		HideSolutionNode = FALSE
	EndGlobalSection
	GlobalSection(ExtensibilityGlobals) = postSolution
		SolutionGuid = {B095B8F9-A0FA-4F1B-9125-9596A733E13E}
	EndGlobalSection
EndGlobal
